// !$*UTF8*$!
{
	archiveVersion = 1;
	classes = {
	};
	objectVersion = 48;
	objects = {

/* Begin PBXBuildFile section */
		9C0A3EA41FF2CCD70030A04F /* LoggingDefinitions.swift in Sources */ = {isa = PBXBuildFile; fileRef = 9C0A3EA31FF2CCD70030A04F /* LoggingDefinitions.swift */; };
		9C14650D1FF2E440003DB304 /* NoMAD_ADAuth.framework in Resources */ = {isa = PBXBuildFile; fileRef = 9CBDCFA61FC4CEEF00CF73F4 /* NoMAD_ADAuth.framework */; };
		9C468F812006A95400A475FC /* Preferences.swift in Sources */ = {isa = PBXBuildFile; fileRef = 9C468F802006A95400A475FC /* Preferences.swift */; };
		9C6027461FE8224000B99B51 /* ContextAndHintHandling.swift in Sources */ = {isa = PBXBuildFile; fileRef = 9C6027451FE8224000B99B51 /* ContextAndHintHandling.swift */; };
		9C9740191FC5DD6A00D9EAE6 /* Media.xcassets in Resources */ = {isa = PBXBuildFile; fileRef = 9C9740181FC5DD6A00D9EAE6 /* Media.xcassets */; };
		9CBDCFAD1FC5CDB600CF73F4 /* CreateUser.swift in Sources */ = {isa = PBXBuildFile; fileRef = 9CBDCFA81FC5CDB600CF73F4 /* CreateUser.swift */; };
		9CBDCFAE1FC5CDB600CF73F4 /* LogOnly.swift in Sources */ = {isa = PBXBuildFile; fileRef = 9CBDCFA91FC5CDB600CF73F4 /* LogOnly.swift */; };
		9CBDCFAF1FC5CDB600CF73F4 /* NoLoMechanism.swift in Sources */ = {isa = PBXBuildFile; fileRef = 9CBDCFAA1FC5CDB600CF73F4 /* NoLoMechanism.swift */; };
		9CBDCFB01FC5CDB600CF73F4 /* CheckAD.swift in Sources */ = {isa = PBXBuildFile; fileRef = 9CBDCFAB1FC5CDB600CF73F4 /* CheckAD.swift */; };
		9CBDCFB51FC5CE2200CF73F4 /* NoMADLoginAD.m in Sources */ = {isa = PBXBuildFile; fileRef = 9CBDCFB31FC5CE2100CF73F4 /* NoMADLoginAD.m */; };
		9CBDCFB91FC5CE6100CF73F4 /* SignIn.xib in Resources */ = {isa = PBXBuildFile; fileRef = 9CBDCFB71FC5CE6000CF73F4 /* SignIn.xib */; };
		9CBDCFBA1FC5CE6100CF73F4 /* SignIn.swift in Sources */ = {isa = PBXBuildFile; fileRef = 9CBDCFB81FC5CE6000CF73F4 /* SignIn.swift */; };
		9CC74CC41FFED4B300EBCCD5 /* NoMAD_ADAuth.framework in Frameworks */ = {isa = PBXBuildFile; fileRef = 9CC74CC51FFED4B300EBCCD5 /* NoMAD_ADAuth.framework */; };
		9CC74CC71FFED4C600EBCCD5 /* NoMAD_ADAuth.framework in CopyFiles */ = {isa = PBXBuildFile; fileRef = 9CC74CC51FFED4B300EBCCD5 /* NoMAD_ADAuth.framework */; settings = {ATTRIBUTES = (CodeSignOnCopy, RemoveHeadersOnCopy, ); }; };
		9CC74CC91FFED59B00EBCCD5 /* DeMobilize.swift in Sources */ = {isa = PBXBuildFile; fileRef = 9CC74CC81FFED59B00EBCCD5 /* DeMobilize.swift */; };
/* End PBXBuildFile section */

/* Begin PBXCopyFilesBuildPhase section */
		9CC74CC61FFED4BF00EBCCD5 /* CopyFiles */ = {
			isa = PBXCopyFilesBuildPhase;
			buildActionMask = 2147483647;
			dstPath = "";
			dstSubfolderSpec = 10;
			files = (
				9CC74CC71FFED4C600EBCCD5 /* NoMAD_ADAuth.framework in CopyFiles */,
			);
			runOnlyForDeploymentPostprocessing = 0;
		};
/* End PBXCopyFilesBuildPhase section */

/* Begin PBXFileReference section */
		9C0A3EA31FF2CCD70030A04F /* LoggingDefinitions.swift */ = {isa = PBXFileReference; lastKnownFileType = sourcecode.swift; path = LoggingDefinitions.swift; sourceTree = "<group>"; };
		9C2F03601FEB0B9A0036C08C /* README.md */ = {isa = PBXFileReference; lastKnownFileType = net.daringfireball.markdown; path = README.md; sourceTree = "<group>"; };
		9C468F802006A95400A475FC /* Preferences.swift */ = {isa = PBXFileReference; lastKnownFileType = sourcecode.swift; path = Preferences.swift; sourceTree = "<group>"; };
		9C6027451FE8224000B99B51 /* ContextAndHintHandling.swift */ = {isa = PBXFileReference; lastKnownFileType = sourcecode.swift; path = ContextAndHintHandling.swift; sourceTree = "<group>"; };
		9C709EED1FE07D91006C74D1 /* loadAD.bash */ = {isa = PBXFileReference; fileEncoding = 4; lastKnownFileType = text.script.sh; path = loadAD.bash; sourceTree = "<group>"; };
		9C709EEE1FE07D91006C74D1 /* resetDB.bash */ = {isa = PBXFileReference; fileEncoding = 4; lastKnownFileType = text.script.sh; path = resetDB.bash; sourceTree = "<group>"; };
		9C9740181FC5DD6A00D9EAE6 /* Media.xcassets */ = {isa = PBXFileReference; lastKnownFileType = folder.assetcatalog; path = Media.xcassets; sourceTree = "<group>"; };
		9C97401E1FC5DE4500D9EAE6 /* console-ad */ = {isa = PBXFileReference; fileEncoding = 4; lastKnownFileType = text.xml; path = "console-ad"; sourceTree = "<group>"; };
		9C97401F1FC5DE4500D9EAE6 /* console-ad-usercreate */ = {isa = PBXFileReference; fileEncoding = 4; lastKnownFileType = text.xml; path = "console-ad-usercreate"; sourceTree = "<group>"; };
		9C9740201FC5DE4500D9EAE6 /* console.bak */ = {isa = PBXFileReference; fileEncoding = 4; lastKnownFileType = text.xml; path = console.bak; sourceTree = "<group>"; };
		9CBDCF9B1FC4CEE300CF73F4 /* NoMADLoginAD.bundle */ = {isa = PBXFileReference; explicitFileType = wrapper.cfbundle; includeInIndex = 0; path = NoMADLoginAD.bundle; sourceTree = BUILT_PRODUCTS_DIR; };
		9CBDCF9E1FC4CEE300CF73F4 /* Info.plist */ = {isa = PBXFileReference; lastKnownFileType = text.plist.xml; path = Info.plist; sourceTree = "<group>"; };
		9CBDCFA71FC5CDB500CF73F4 /* NoMADLoginAD-Bridging-Header.h */ = {isa = PBXFileReference; lastKnownFileType = sourcecode.c.h; path = "NoMADLoginAD-Bridging-Header.h"; sourceTree = "<group>"; };
		9CBDCFA81FC5CDB600CF73F4 /* CreateUser.swift */ = {isa = PBXFileReference; fileEncoding = 4; lastKnownFileType = sourcecode.swift; path = CreateUser.swift; sourceTree = "<group>"; };
		9CBDCFA91FC5CDB600CF73F4 /* LogOnly.swift */ = {isa = PBXFileReference; fileEncoding = 4; lastKnownFileType = sourcecode.swift; path = LogOnly.swift; sourceTree = "<group>"; };
		9CBDCFAA1FC5CDB600CF73F4 /* NoLoMechanism.swift */ = {isa = PBXFileReference; fileEncoding = 4; lastKnownFileType = sourcecode.swift; path = NoLoMechanism.swift; sourceTree = "<group>"; };
		9CBDCFAB1FC5CDB600CF73F4 /* CheckAD.swift */ = {isa = PBXFileReference; fileEncoding = 4; lastKnownFileType = sourcecode.swift; path = CheckAD.swift; sourceTree = "<group>"; };
		9CBDCFB31FC5CE2100CF73F4 /* NoMADLoginAD.m */ = {isa = PBXFileReference; fileEncoding = 4; lastKnownFileType = sourcecode.c.objc; path = NoMADLoginAD.m; sourceTree = "<group>"; };
		9CBDCFB41FC5CE2100CF73F4 /* NoMADLoginAD.h */ = {isa = PBXFileReference; fileEncoding = 4; lastKnownFileType = sourcecode.c.h; path = NoMADLoginAD.h; sourceTree = "<group>"; };
		9CBDCFB71FC5CE6000CF73F4 /* SignIn.xib */ = {isa = PBXFileReference; fileEncoding = 4; lastKnownFileType = file.xib; path = SignIn.xib; sourceTree = "<group>"; };
		9CBDCFB81FC5CE6000CF73F4 /* SignIn.swift */ = {isa = PBXFileReference; fileEncoding = 4; lastKnownFileType = sourcecode.swift; path = SignIn.swift; sourceTree = "<group>"; };
		9CC74CC51FFED4B300EBCCD5 /* NoMAD_ADAuth.framework */ = {isa = PBXFileReference; explicitFileType = wrapper.framework; path = NoMAD_ADAuth.framework; sourceTree = BUILT_PRODUCTS_DIR; };
		9CC74CC81FFED59B00EBCCD5 /* DeMobilize.swift */ = {isa = PBXFileReference; fileEncoding = 4; lastKnownFileType = sourcecode.swift; path = DeMobilize.swift; sourceTree = "<group>"; };
/* End PBXFileReference section */

/* Begin PBXFrameworksBuildPhase section */
		9CBDCF981FC4CEE300CF73F4 /* Frameworks */ = {
			isa = PBXFrameworksBuildPhase;
			buildActionMask = 2147483647;
			files = (
				9CC74CC41FFED4B300EBCCD5 /* NoMAD_ADAuth.framework in Frameworks */,
			);
			runOnlyForDeploymentPostprocessing = 0;
		};
/* End PBXFrameworksBuildPhase section */

/* Begin PBXGroup section */
		9C97401C1FC5DE4500D9EAE6 /* evaluate-mechanisms */ = {
			isa = PBXGroup;
			children = (
				9C709EED1FE07D91006C74D1 /* loadAD.bash */,
				9C709EEE1FE07D91006C74D1 /* resetDB.bash */,
				9C97401E1FC5DE4500D9EAE6 /* console-ad */,
				9C97401F1FC5DE4500D9EAE6 /* console-ad-usercreate */,
				9C9740201FC5DE4500D9EAE6 /* console.bak */,
			);
			path = "evaluate-mechanisms";
			sourceTree = "<group>";
		};
		9CBDCF921FC4CEE300CF73F4 = {
			isa = PBXGroup;
			children = (
				9C2F03601FEB0B9A0036C08C /* README.md */,
				9CBDCFB61FC5CE2900CF73F4 /* Base */,
				9CBDCFB21FC5CE0000CF73F4 /* Mechs */,
				9CBDCFBB1FC5CE6400CF73F4 /* UI */,
				9CBDCF9D1FC4CEE300CF73F4 /* NoMADLogin-AD */,
				9CBDCF9C1FC4CEE300CF73F4 /* Products */,
				9C9740181FC5DD6A00D9EAE6 /* Media.xcassets */,
				9C97401C1FC5DE4500D9EAE6 /* evaluate-mechanisms */,
				9CBDCFA41FC4CEEF00CF73F4 /* Frameworks */,
			);
			sourceTree = "<group>";
		};
		9CBDCF9C1FC4CEE300CF73F4 /* Products */ = {
			isa = PBXGroup;
			children = (
				9CBDCF9B1FC4CEE300CF73F4 /* NoMADLoginAD.bundle */,
			);
			name = Products;
			sourceTree = "<group>";
		};
		9CBDCF9D1FC4CEE300CF73F4 /* NoMADLogin-AD */ = {
			isa = PBXGroup;
			children = (
				9CBDCF9E1FC4CEE300CF73F4 /* Info.plist */,
			);
			path = "NoMADLogin-AD";
			sourceTree = "<group>";
		};
		9CBDCFA41FC4CEEF00CF73F4 /* Frameworks */ = {
			isa = PBXGroup;
			children = (
				9CC74CC51FFED4B300EBCCD5 /* NoMAD_ADAuth.framework */,
			);
			name = Frameworks;
			sourceTree = "<group>";
		};
		9CBDCFB21FC5CE0000CF73F4 /* Mechs */ = {
			isa = PBXGroup;
			children = (
				9CBDCFAA1FC5CDB600CF73F4 /* NoLoMechanism.swift */,
				9CBDCFAB1FC5CDB600CF73F4 /* CheckAD.swift */,
				9CBDCFA81FC5CDB600CF73F4 /* CreateUser.swift */,
				9CBDCFA91FC5CDB600CF73F4 /* LogOnly.swift */,
				9CC74CC81FFED59B00EBCCD5 /* DeMobilize.swift */,
			);
			path = Mechs;
			sourceTree = "<group>";
		};
		9CBDCFB61FC5CE2900CF73F4 /* Base */ = {
			isa = PBXGroup;
			children = (
				9CBDCFA71FC5CDB500CF73F4 /* NoMADLoginAD-Bridging-Header.h */,
				9CBDCFB41FC5CE2100CF73F4 /* NoMADLoginAD.h */,
				9CBDCFB31FC5CE2100CF73F4 /* NoMADLoginAD.m */,
				9C6027451FE8224000B99B51 /* ContextAndHintHandling.swift */,
				9C0A3EA31FF2CCD70030A04F /* LoggingDefinitions.swift */,
				9C468F802006A95400A475FC /* Preferences.swift */,
			);
			path = Base;
			sourceTree = "<group>";
		};
		9CBDCFBB1FC5CE6400CF73F4 /* UI */ = {
			isa = PBXGroup;
			children = (
				9CBDCFB81FC5CE6000CF73F4 /* SignIn.swift */,
				9CBDCFB71FC5CE6000CF73F4 /* SignIn.xib */,
			);
			path = UI;
			sourceTree = "<group>";
		};
/* End PBXGroup section */

/* Begin PBXNativeTarget section */
		9CBDCF9A1FC4CEE300CF73F4 /* NoMADLoginAD */ = {
			isa = PBXNativeTarget;
			buildConfigurationList = 9CBDCFA11FC4CEE300CF73F4 /* Build configuration list for PBXNativeTarget "NoMADLoginAD" */;
			buildPhases = (
				9CBDCF971FC4CEE300CF73F4 /* Sources */,
				9CBDCF981FC4CEE300CF73F4 /* Frameworks */,
				9CBDCF991FC4CEE300CF73F4 /* Resources */,
				9CC74CC61FFED4BF00EBCCD5 /* CopyFiles */,
			);
			buildRules = (
			);
			dependencies = (
			);
			name = NoMADLoginAD;
			productName = "NoMADLogin-AD";
			productReference = 9CBDCF9B1FC4CEE300CF73F4 /* NoMADLoginAD.bundle */;
			productType = "com.apple.product-type.bundle";
		};
/* End PBXNativeTarget section */

/* Begin PBXProject section */
		9CBDCF931FC4CEE300CF73F4 /* Project object */ = {
			isa = PBXProject;
			attributes = {
				LastSwiftUpdateCheck = 0920;
				LastUpgradeCheck = 0920;
				ORGANIZATIONNAME = NoMAD;
				TargetAttributes = {
					9CBDCF9A1FC4CEE300CF73F4 = {
						CreatedOnToolsVersion = 9.1;
						LastSwiftMigration = 0910;
						ProvisioningStyle = Automatic;
					};
				};
			};
			buildConfigurationList = 9CBDCF961FC4CEE300CF73F4 /* Build configuration list for PBXProject "NoMADLogin-AD" */;
			compatibilityVersion = "Xcode 8.0";
			developmentRegion = en;
			hasScannedForEncodings = 0;
			knownRegions = (
				en,
			);
			mainGroup = 9CBDCF921FC4CEE300CF73F4;
			productRefGroup = 9CBDCF9C1FC4CEE300CF73F4 /* Products */;
			projectDirPath = "";
			projectRoot = "";
			targets = (
				9CBDCF9A1FC4CEE300CF73F4 /* NoMADLoginAD */,
			);
		};
/* End PBXProject section */

/* Begin PBXResourcesBuildPhase section */
		9CBDCF991FC4CEE300CF73F4 /* Resources */ = {
			isa = PBXResourcesBuildPhase;
			buildActionMask = 2147483647;
			files = (
				9C9740191FC5DD6A00D9EAE6 /* Media.xcassets in Resources */,
				9CBDCFB91FC5CE6100CF73F4 /* SignIn.xib in Resources */,
				9C14650D1FF2E440003DB304 /* (null) in Resources */,
			);
			runOnlyForDeploymentPostprocessing = 0;
		};
/* End PBXResourcesBuildPhase section */

/* Begin PBXSourcesBuildPhase section */
		9CBDCF971FC4CEE300CF73F4 /* Sources */ = {
			isa = PBXSourcesBuildPhase;
			buildActionMask = 2147483647;
			files = (
				9CBDCFAE1FC5CDB600CF73F4 /* LogOnly.swift in Sources */,
				9CBDCFAF1FC5CDB600CF73F4 /* NoLoMechanism.swift in Sources */,
				9CC74CC91FFED59B00EBCCD5 /* DeMobilize.swift in Sources */,
				9CBDCFAD1FC5CDB600CF73F4 /* CreateUser.swift in Sources */,
				9CBDCFBA1FC5CE6100CF73F4 /* SignIn.swift in Sources */,
				9CBDCFB01FC5CDB600CF73F4 /* CheckAD.swift in Sources */,
				9CBDCFB51FC5CE2200CF73F4 /* NoMADLoginAD.m in Sources */,
				9C0A3EA41FF2CCD70030A04F /* LoggingDefinitions.swift in Sources */,
				9C6027461FE8224000B99B51 /* ContextAndHintHandling.swift in Sources */,
				9C468F812006A95400A475FC /* Preferences.swift in Sources */,
			);
			runOnlyForDeploymentPostprocessing = 0;
		};
/* End PBXSourcesBuildPhase section */

/* Begin XCBuildConfiguration section */
		9CBDCF9F1FC4CEE300CF73F4 /* Debug */ = {
			isa = XCBuildConfiguration;
			buildSettings = {
				ALWAYS_SEARCH_USER_PATHS = NO;
				CLANG_ANALYZER_NONNULL = YES;
				CLANG_ANALYZER_NUMBER_OBJECT_CONVERSION = YES_AGGRESSIVE;
				CLANG_CXX_LANGUAGE_STANDARD = "gnu++14";
				CLANG_CXX_LIBRARY = "libc++";
				CLANG_ENABLE_MODULES = YES;
				CLANG_ENABLE_OBJC_ARC = YES;
				CLANG_WARN_BLOCK_CAPTURE_AUTORELEASING = YES;
				CLANG_WARN_BOOL_CONVERSION = YES;
				CLANG_WARN_COMMA = YES;
				CLANG_WARN_CONSTANT_CONVERSION = YES;
				CLANG_WARN_DIRECT_OBJC_ISA_USAGE = YES_ERROR;
				CLANG_WARN_DOCUMENTATION_COMMENTS = YES;
				CLANG_WARN_EMPTY_BODY = YES;
				CLANG_WARN_ENUM_CONVERSION = YES;
				CLANG_WARN_INFINITE_RECURSION = YES;
				CLANG_WARN_INT_CONVERSION = YES;
				CLANG_WARN_NON_LITERAL_NULL_CONVERSION = YES;
				CLANG_WARN_OBJC_LITERAL_CONVERSION = YES;
				CLANG_WARN_OBJC_ROOT_CLASS = YES_ERROR;
				CLANG_WARN_RANGE_LOOP_ANALYSIS = YES;
				CLANG_WARN_STRICT_PROTOTYPES = YES;
				CLANG_WARN_SUSPICIOUS_MOVE = YES;
				CLANG_WARN_UNGUARDED_AVAILABILITY = YES_AGGRESSIVE;
				CLANG_WARN_UNREACHABLE_CODE = YES;
				CLANG_WARN__DUPLICATE_METHOD_MATCH = YES;
				CODE_SIGN_IDENTITY = "Mac Developer";
				COPY_PHASE_STRIP = NO;
				DEBUG_INFORMATION_FORMAT = dwarf;
				ENABLE_STRICT_OBJC_MSGSEND = YES;
				ENABLE_TESTABILITY = YES;
				GCC_C_LANGUAGE_STANDARD = gnu11;
				GCC_DYNAMIC_NO_PIC = NO;
				GCC_NO_COMMON_BLOCKS = YES;
				GCC_OPTIMIZATION_LEVEL = 0;
				GCC_PREPROCESSOR_DEFINITIONS = (
					"DEBUG=1",
					"$(inherited)",
				);
				GCC_WARN_64_TO_32_BIT_CONVERSION = YES;
				GCC_WARN_ABOUT_RETURN_TYPE = YES_ERROR;
				GCC_WARN_UNDECLARED_SELECTOR = YES;
				GCC_WARN_UNINITIALIZED_AUTOS = YES_AGGRESSIVE;
				GCC_WARN_UNUSED_FUNCTION = YES;
				GCC_WARN_UNUSED_VARIABLE = YES;
				MACOSX_DEPLOYMENT_TARGET = 10.12;
				MTL_ENABLE_DEBUG_INFO = YES;
				ONLY_ACTIVE_ARCH = YES;
				SCAN_ALL_SOURCE_FILES_FOR_INCLUDES = YES;
				SDKROOT = macosx;
				SWIFT_VERSION = 4.0;
				VALIDATE_PRODUCT = YES;
			};
			name = Debug;
		};
		9CBDCFA01FC4CEE300CF73F4 /* Release */ = {
			isa = XCBuildConfiguration;
			buildSettings = {
				ALWAYS_SEARCH_USER_PATHS = NO;
				CLANG_ANALYZER_NONNULL = YES;
				CLANG_ANALYZER_NUMBER_OBJECT_CONVERSION = YES_AGGRESSIVE;
				CLANG_CXX_LANGUAGE_STANDARD = "gnu++14";
				CLANG_CXX_LIBRARY = "libc++";
				CLANG_ENABLE_MODULES = YES;
				CLANG_ENABLE_OBJC_ARC = YES;
				CLANG_WARN_BLOCK_CAPTURE_AUTORELEASING = YES;
				CLANG_WARN_BOOL_CONVERSION = YES;
				CLANG_WARN_COMMA = YES;
				CLANG_WARN_CONSTANT_CONVERSION = YES;
				CLANG_WARN_DIRECT_OBJC_ISA_USAGE = YES_ERROR;
				CLANG_WARN_DOCUMENTATION_COMMENTS = YES;
				CLANG_WARN_EMPTY_BODY = YES;
				CLANG_WARN_ENUM_CONVERSION = YES;
				CLANG_WARN_INFINITE_RECURSION = YES;
				CLANG_WARN_INT_CONVERSION = YES;
				CLANG_WARN_NON_LITERAL_NULL_CONVERSION = YES;
				CLANG_WARN_OBJC_LITERAL_CONVERSION = YES;
				CLANG_WARN_OBJC_ROOT_CLASS = YES_ERROR;
				CLANG_WARN_RANGE_LOOP_ANALYSIS = YES;
				CLANG_WARN_STRICT_PROTOTYPES = YES;
				CLANG_WARN_SUSPICIOUS_MOVE = YES;
				CLANG_WARN_UNGUARDED_AVAILABILITY = YES_AGGRESSIVE;
				CLANG_WARN_UNREACHABLE_CODE = YES;
				CLANG_WARN__DUPLICATE_METHOD_MATCH = YES;
				CODE_SIGN_IDENTITY = "Mac Developer";
				COPY_PHASE_STRIP = NO;
				DEBUG_INFORMATION_FORMAT = "dwarf-with-dsym";
				ENABLE_NS_ASSERTIONS = NO;
				ENABLE_STRICT_OBJC_MSGSEND = YES;
				GCC_C_LANGUAGE_STANDARD = gnu11;
				GCC_NO_COMMON_BLOCKS = YES;
				GCC_WARN_64_TO_32_BIT_CONVERSION = YES;
				GCC_WARN_ABOUT_RETURN_TYPE = YES_ERROR;
				GCC_WARN_UNDECLARED_SELECTOR = YES;
				GCC_WARN_UNINITIALIZED_AUTOS = YES_AGGRESSIVE;
				GCC_WARN_UNUSED_FUNCTION = YES;
				GCC_WARN_UNUSED_VARIABLE = YES;
				MACOSX_DEPLOYMENT_TARGET = 10.12;
				MTL_ENABLE_DEBUG_INFO = NO;
				SCAN_ALL_SOURCE_FILES_FOR_INCLUDES = YES;
				SDKROOT = macosx;
				SWIFT_OPTIMIZATION_LEVEL = "-Owholemodule";
				SWIFT_VERSION = 4.0;
				VALIDATE_PRODUCT = YES;
			};
			name = Release;
		};
		9CBDCFA21FC4CEE300CF73F4 /* Debug */ = {
			isa = XCBuildConfiguration;
			buildSettings = {
				ALWAYS_EMBED_SWIFT_STANDARD_LIBRARIES = YES;
				CLANG_ENABLE_MODULES = YES;
				CODE_SIGN_STYLE = Automatic;
				COMBINE_HIDPI_IMAGES = YES;
				DEVELOPMENT_TEAM = VRPY9KHGX6;
				FRAMEWORK_SEARCH_PATHS = (
					"$(inherited)",
					"$(PROJECT_DIR)",
				);
				INFOPLIST_FILE = "NoMADLogin-AD/Info.plist";
				INSTALL_PATH = "$(LOCAL_LIBRARY_DIR)/Security/SecurityAgentPlugins";
				LD_RUNPATH_SEARCH_PATHS = "$(inherited) @executable_path/../Resources @executable_path/../Frameworks @loader_path/../Frameworks @loader_path/../Resources";
				MACOSX_DEPLOYMENT_TARGET = 10.12;
				PRODUCT_BUNDLE_IDENTIFIER = menu.nomad.NoMADLoginAD;
				PRODUCT_NAME = "$(TARGET_NAME)";
				SCAN_ALL_SOURCE_FILES_FOR_INCLUDES = YES;
				SKIP_INSTALL = NO;
				SWIFT_OBJC_BRIDGING_HEADER = "Base/NoMADLoginAD-Bridging-Header.h";
				SWIFT_OPTIMIZATION_LEVEL = "-Onone";
				SWIFT_VERSION = 4.0;
				VALIDATE_PRODUCT = YES;
				WRAPPER_EXTENSION = bundle;
			};
			name = Debug;
		};
		9CBDCFA31FC4CEE300CF73F4 /* Release */ = {
			isa = XCBuildConfiguration;
			buildSettings = {
				ALWAYS_EMBED_SWIFT_STANDARD_LIBRARIES = YES;
				CLANG_ENABLE_MODULES = YES;
				CODE_SIGN_STYLE = Automatic;
				COMBINE_HIDPI_IMAGES = YES;
				DEVELOPMENT_TEAM = VRPY9KHGX6;
				FRAMEWORK_SEARCH_PATHS = (
					"$(inherited)",
					"$(PROJECT_DIR)",
				);
				INFOPLIST_FILE = "NoMADLogin-AD/Info.plist";
				INSTALL_PATH = "$(LOCAL_LIBRARY_DIR)/Security/SecurityAgentPlugins";
				LD_RUNPATH_SEARCH_PATHS = "$(inherited) @executable_path/../Resources @executable_path/../Frameworks @loader_path/../Frameworks @loader_path/../Resources";
				MACOSX_DEPLOYMENT_TARGET = 10.12;
				PRODUCT_BUNDLE_IDENTIFIER = menu.nomad.NoMADLoginAD;
				PRODUCT_NAME = "$(TARGET_NAME)";
				SCAN_ALL_SOURCE_FILES_FOR_INCLUDES = YES;
				SKIP_INSTALL = NO;
				SWIFT_OBJC_BRIDGING_HEADER = "Base/NoMADLoginAD-Bridging-Header.h";
				SWIFT_VERSION = 4.0;
				VALIDATE_PRODUCT = YES;
				WRAPPER_EXTENSION = bundle;
			};
			name = Release;
		};
/* End XCBuildConfiguration section */

/* Begin XCConfigurationList section */
		9CBDCF961FC4CEE300CF73F4 /* Build configuration list for PBXProject "NoMADLogin-AD" */ = {
			isa = XCConfigurationList;
			buildConfigurations = (
				9CBDCF9F1FC4CEE300CF73F4 /* Debug */,
				9CBDCFA01FC4CEE300CF73F4 /* Release */,
			);
			defaultConfigurationIsVisible = 0;
			defaultConfigurationName = Release;
		};
		9CBDCFA11FC4CEE300CF73F4 /* Build configuration list for PBXNativeTarget "NoMADLoginAD" */ = {
			isa = XCConfigurationList;
			buildConfigurations = (
				9CBDCFA21FC4CEE300CF73F4 /* Debug */,
				9CBDCFA31FC4CEE300CF73F4 /* Release */,
			);
			defaultConfigurationIsVisible = 0;
			defaultConfigurationName = Release;
		};
/* End XCConfigurationList section */
	};
	rootObject = 9CBDCF931FC4CEE300CF73F4 /* Project object */;
}
